// !$*UTF8*$!
{
	archiveVersion = 1;
	classes = {
	};
	objectVersion = 46;
	objects = {

/* Begin PBXBuildFile section */
		661FED15200721E9009EAE8E /* main.cpp in Sources */ = {isa = PBXBuildFile; fileRef = 661FED14200721E9009EAE8E /* main.cpp */; };
		661FED1820072283009EAE8E /* utilities.cpp in Sources */ = {isa = PBXBuildFile; fileRef = 661FED1720072283009EAE8E /* utilities.cpp */; };
		661FED1B20072366009EAE8E /* Game.cpp in Sources */ = {isa = PBXBuildFile; fileRef = 661FED1920072366009EAE8E /* Game.cpp */; };
		661FED1E200724CD009EAE8E /* City.cpp in Sources */ = {isa = PBXBuildFile; fileRef = 661FED1C200724CD009EAE8E /* City.cpp */; };
		661FED21200724FA009EAE8E /* Player.cpp in Sources */ = {isa = PBXBuildFile; fileRef = 661FED1F200724FA009EAE8E /* Player.cpp */; };
		661FED2420072558009EAE8E /* Flatulan.cpp in Sources */ = {isa = PBXBuildFile; fileRef = 661FED2220072558009EAE8E /* Flatulan.cpp */; };
		66DC645C2009785D00465EFC /* History.cpp in Sources */ = {isa = PBXBuildFile; fileRef = 66DC645A2009785D00465EFC /* History.cpp */; };
/* End PBXBuildFile section */

/* Begin PBXCopyFilesBuildPhase section */
		661FED082006DF8C009EAE8E /* CopyFiles */ = {
			isa = PBXCopyFilesBuildPhase;
			buildActionMask = 2147483647;
			dstPath = /usr/share/man/man1/;
			dstSubfolderSpec = 0;
			files = (
			);
			runOnlyForDeploymentPostprocessing = 1;
		};
/* End PBXCopyFilesBuildPhase section */

/* Begin PBXFileReference section */
		661FED0A2006DF8D009EAE8E /* Project 1 */ = {isa = PBXFileReference; explicitFileType = "compiled.mach-o.executable"; includeInIndex = 0; path = "Project 1"; sourceTree = BUILT_PRODUCTS_DIR; };
		661FED14200721E9009EAE8E /* main.cpp */ = {isa = PBXFileReference; fileEncoding = 4; lastKnownFileType = sourcecode.cpp.cpp; path = main.cpp; sourceTree = "<group>"; };
		661FED1620072235009EAE8E /* globals.h */ = {isa = PBXFileReference; lastKnownFileType = sourcecode.c.h; path = globals.h; sourceTree = "<group>"; };
		661FED1720072283009EAE8E /* utilities.cpp */ = {isa = PBXFileReference; fileEncoding = 4; lastKnownFileType = sourcecode.cpp.cpp; path = utilities.cpp; sourceTree = "<group>"; };
		661FED1920072366009EAE8E /* Game.cpp */ = {isa = PBXFileReference; fileEncoding = 4; lastKnownFileType = sourcecode.cpp.cpp; path = Game.cpp; sourceTree = "<group>"; };
		661FED1A20072366009EAE8E /* Game.h */ = {isa = PBXFileReference; fileEncoding = 4; lastKnownFileType = sourcecode.c.h; path = Game.h; sourceTree = "<group>"; };
		661FED1C200724CD009EAE8E /* City.cpp */ = {isa = PBXFileReference; fileEncoding = 4; lastKnownFileType = sourcecode.cpp.cpp; path = City.cpp; sourceTree = "<group>"; };
		661FED1D200724CD009EAE8E /* City.h */ = {isa = PBXFileReference; fileEncoding = 4; lastKnownFileType = sourcecode.c.h; path = City.h; sourceTree = "<group>"; };
		661FED1F200724FA009EAE8E /* Player.cpp */ = {isa = PBXFileReference; fileEncoding = 4; lastKnownFileType = sourcecode.cpp.cpp; path = Player.cpp; sourceTree = "<group>"; };
		661FED20200724FA009EAE8E /* Player.h */ = {isa = PBXFileReference; fileEncoding = 4; lastKnownFileType = sourcecode.c.h; path = Player.h; sourceTree = "<group>"; };
		661FED2220072558009EAE8E /* Flatulan.cpp */ = {isa = PBXFileReference; fileEncoding = 4; lastKnownFileType = sourcecode.cpp.cpp; path = Flatulan.cpp; sourceTree = "<group>"; };
		661FED2320072558009EAE8E /* Flatulan.h */ = {isa = PBXFileReference; fileEncoding = 4; lastKnownFileType = sourcecode.c.h; path = Flatulan.h; sourceTree = "<group>"; };
		66DC645A2009785D00465EFC /* History.cpp */ = {isa = PBXFileReference; fileEncoding = 4; lastKnownFileType = sourcecode.cpp.cpp; path = History.cpp; sourceTree = "<group>"; };
		66DC645B2009785D00465EFC /* History.h */ = {isa = PBXFileReference; fileEncoding = 4; lastKnownFileType = sourcecode.c.h; path = History.h; sourceTree = "<group>"; };
/* End PBXFileReference section */

/* Begin PBXFrameworksBuildPhase section */
		661FED072006DF8C009EAE8E /* Frameworks */ = {
			isa = PBXFrameworksBuildPhase;
			buildActionMask = 2147483647;
			files = (
			);
			runOnlyForDeploymentPostprocessing = 0;
		};
/* End PBXFrameworksBuildPhase section */

/* Begin PBXGroup section */
		661FED012006DF8C009EAE8E = {
			isa = PBXGroup;
			children = (
				661FED0C2006DF8D009EAE8E /* Project 1 */,
				661FED0B2006DF8D009EAE8E /* Products */,
			);
			sourceTree = "<group>";
		};
		661FED0B2006DF8D009EAE8E /* Products */ = {
			isa = PBXGroup;
			children = (
				661FED0A2006DF8D009EAE8E /* Project 1 */,
			);
			name = Products;
			sourceTree = "<group>";
		};
		661FED0C2006DF8D009EAE8E /* Project 1 */ = {
			isa = PBXGroup;
			children = (
				661FED2220072558009EAE8E /* Flatulan.cpp */,
				661FED2320072558009EAE8E /* Flatulan.h */,
				661FED1F200724FA009EAE8E /* Player.cpp */,
				661FED20200724FA009EAE8E /* Player.h */,
				661FED1C200724CD009EAE8E /* City.cpp */,
				661FED1D200724CD009EAE8E /* City.h */,
				661FED1920072366009EAE8E /* Game.cpp */,
				661FED1A20072366009EAE8E /* Game.h */,
				661FED1620072235009EAE8E /* globals.h */,
				661FED1720072283009EAE8E /* utilities.cpp */,
				66DC645A2009785D00465EFC /* History.cpp */,
				66DC645B2009785D00465EFC /* History.h */,
				661FED14200721E9009EAE8E /* main.cpp */,
			);
			path = "Project 1";
			sourceTree = "<group>";
		};
/* End PBXGroup section */

/* Begin PBXNativeTarget section */
		661FED092006DF8C009EAE8E /* Project 1 */ = {
			isa = PBXNativeTarget;
			buildConfigurationList = 661FED112006DF8D009EAE8E /* Build configuration list for PBXNativeTarget "Project 1" */;
			buildPhases = (
				661FED062006DF8C009EAE8E /* Sources */,
				661FED072006DF8C009EAE8E /* Frameworks */,
				661FED082006DF8C009EAE8E /* CopyFiles */,
			);
			buildRules = (
			);
			dependencies = (
			);
			name = "Project 1";
			productName = "Project 1";
			productReference = 661FED0A2006DF8D009EAE8E /* Project 1 */;
			productType = "com.apple.product-type.tool";
		};
/* End PBXNativeTarget section */

/* Begin PBXProject section */
		661FED022006DF8C009EAE8E /* Project object */ = {
			isa = PBXProject;
			attributes = {
				LastUpgradeCheck = 0800;
				ORGANIZATIONNAME = "Vanessa Lee";
				TargetAttributes = {
					661FED092006DF8C009EAE8E = {
						CreatedOnToolsVersion = 8.0;
						ProvisioningStyle = Automatic;
					};
				};
			};
			buildConfigurationList = 661FED052006DF8C009EAE8E /* Build configuration list for PBXProject "Project 1" */;
			compatibilityVersion = "Xcode 3.2";
			developmentRegion = English;
			hasScannedForEncodings = 0;
			knownRegions = (
				en,
			);
			mainGroup = 661FED012006DF8C009EAE8E;
			productRefGroup = 661FED0B2006DF8D009EAE8E /* Products */;
			projectDirPath = "";
			projectRoot = "";
			targets = (
				661FED092006DF8C009EAE8E /* Project 1 */,
			);
		};
/* End PBXProject section */

/* Begin PBXSourcesBuildPhase section */
		661FED062006DF8C009EAE8E /* Sources */ = {
			isa = PBXSourcesBuildPhase;
			buildActionMask = 2147483647;
			files = (
				661FED2420072558009EAE8E /* Flatulan.cpp in Sources */,
				661FED1820072283009EAE8E /* utilities.cpp in Sources */,
				661FED15200721E9009EAE8E /* main.cpp in Sources */,
				661FED21200724FA009EAE8E /* Player.cpp in Sources */,
				661FED1B20072366009EAE8E /* Game.cpp in Sources */,
				661FED1E200724CD009EAE8E /* City.cpp in Sources */,
				66DC645C2009785D00465EFC /* History.cpp in Sources */,
			);
			runOnlyForDeploymentPostprocessing = 0;
		};
/* End PBXSourcesBuildPhase section */

/* Begin XCBuildConfiguration section */
		661FED0F2006DF8D009EAE8E /* Debug */ = {
			isa = XCBuildConfiguration;
			buildSettings = {
				ALWAYS_SEARCH_USER_PATHS = NO;
				CLANG_ANALYZER_NONNULL = YES;
				CLANG_CXX_LANGUAGE_STANDARD = "gnu++0x";
				CLANG_CXX_LIBRARY = "libc++";
				CLANG_ENABLE_MODULES = YES;
				CLANG_ENABLE_OBJC_ARC = YES;
				CLANG_WARN_BOOL_CONVERSION = YES;
				CLANG_WARN_CONSTANT_CONVERSION = YES;
				CLANG_WARN_DIRECT_OBJC_ISA_USAGE = YES_ERROR;
				CLANG_WARN_DOCUMENTATION_COMMENTS = YES;
				CLANG_WARN_EMPTY_BODY = YES;
				CLANG_WARN_ENUM_CONVERSION = YES;
				CLANG_WARN_INFINITE_RECURSION = YES;
				CLANG_WARN_INT_CONVERSION = YES;
				CLANG_WARN_OBJC_ROOT_CLASS = YES_ERROR;
				CLANG_WARN_SUSPICIOUS_MOVES = YES;
				CLANG_WARN_UNREACHABLE_CODE = YES;
				CLANG_WARN__DUPLICATE_METHOD_MATCH = YES;
				CODE_SIGN_IDENTITY = "-";
				COPY_PHASE_STRIP = NO;
				DEBUG_INFORMATION_FORMAT = dwarf;
				ENABLE_STRICT_OBJC_MSGSEND = YES;
				ENABLE_TESTABILITY = YES;
				GCC_C_LANGUAGE_STANDARD = gnu99;
				GCC_DYNAMIC_NO_PIC = NO;
				GCC_NO_COMMON_BLOCKS = YES;
				GCC_OPTIMIZATION_LEVEL = 0;
				GCC_PREPROCESSOR_DEFINITIONS = (
					"DEBUG=1",
					"$(inherited)",
				);
				GCC_WARN_64_TO_32_BIT_CONVERSION = YES;
				GCC_WARN_ABOUT_RETURN_TYPE = YES_ERROR;
				GCC_WARN_UNDECLARED_SELECTOR = YES;
				GCC_WARN_UNINITIALIZED_AUTOS = YES_AGGRESSIVE;
				GCC_WARN_UNUSED_FUNCTION = YES;
				GCC_WARN_UNUSED_VARIABLE = YES;
				MACOSX_DEPLOYMENT_TARGET = 10.13;
				MTL_ENABLE_DEBUG_INFO = YES;
				ONLY_ACTIVE_ARCH = YES;
				SDKROOT = macosx;
			};
			name = Debug;
		};
		661FED102006DF8D009EAE8E /* Release */ = {
			isa = XCBuildConfiguration;
			buildSettings = {
				ALWAYS_SEARCH_USER_PATHS = NO;
				CLANG_ANALYZER_NONNULL = YES;
				CLANG_CXX_LANGUAGE_STANDARD = "gnu++0x";
				CLANG_CXX_LIBRARY = "libc++";
				CLANG_ENABLE_MODULES = YES;
				CLANG_ENABLE_OBJC_ARC = YES;
				CLANG_WARN_BOOL_CONVERSION = YES;
				CLANG_WARN_CONSTANT_CONVERSION = YES;
				CLANG_WARN_DIRECT_OBJC_ISA_USAGE = YES_ERROR;
				CLANG_WARN_DOCUMENTATION_COMMENTS = YES;
				CLANG_WARN_EMPTY_BODY = YES;
				CLANG_WARN_ENUM_CONVERSION = YES;
				CLANG_WARN_INFINITE_RECURSION = YES;
				CLANG_WARN_INT_CONVERSION = YES;
				CLANG_WARN_OBJC_ROOT_CLASS = YES_ERROR;
				CLANG_WARN_SUSPICIOUS_MOVES = YES;
				CLANG_WARN_UNREACHABLE_CODE = YES;
				CLANG_WARN__DUPLICATE_METHOD_MATCH = YES;
				CODE_SIGN_IDENTITY = "-";
				COPY_PHASE_STRIP = NO;
				DEBUG_INFORMATION_FORMAT = "dwarf-with-dsym";
				ENABLE_NS_ASSERTIONS = NO;
				ENABLE_STRICT_OBJC_MSGSEND = YES;
				GCC_C_LANGUAGE_STANDARD = gnu99;
				GCC_NO_COMMON_BLOCKS = YES;
				GCC_WARN_64_TO_32_BIT_CONVERSION = YES;
				GCC_WARN_ABOUT_RETURN_TYPE = YES_ERROR;
				GCC_WARN_UNDECLARED_SELECTOR = YES;
				GCC_WARN_UNINITIALIZED_AUTOS = YES_AGGRESSIVE;
				GCC_WARN_UNUSED_FUNCTION = YES;
				GCC_WARN_UNUSED_VARIABLE = YES;
				MACOSX_DEPLOYMENT_TARGET = 10.13;
				MTL_ENABLE_DEBUG_INFO = NO;
				SDKROOT = macosx;
			};
			name = Release;
		};
		661FED122006DF8D009EAE8E /* Debug */ = {
			isa = XCBuildConfiguration;
			buildSettings = {
				PRODUCT_NAME = "$(TARGET_NAME)";
			};
			name = Debug;
		};
		661FED132006DF8D009EAE8E /* Release */ = {
			isa = XCBuildConfiguration;
			buildSettings = {
				PRODUCT_NAME = "$(TARGET_NAME)";
			};
			name = Release;
		};
/* End XCBuildConfiguration section */

/* Begin XCConfigurationList section */
		661FED052006DF8C009EAE8E /* Build configuration list for PBXProject "Project 1" */ = {
			isa = XCConfigurationList;
			buildConfigurations = (
				661FED0F2006DF8D009EAE8E /* Debug */,
				661FED102006DF8D009EAE8E /* Release */,
			);
			defaultConfigurationIsVisible = 0;
			defaultConfigurationName = Release;
		};
		661FED112006DF8D009EAE8E /* Build configuration list for PBXNativeTarget "Project 1" */ = {
			isa = XCConfigurationList;
			buildConfigurations = (
				661FED122006DF8D009EAE8E /* Debug */,
				661FED132006DF8D009EAE8E /* Release */,
			);
			defaultConfigurationIsVisible = 0;
			defaultConfigurationName = Release;
		};
/* End XCConfigurationList section */
	};
	rootObject = 661FED022006DF8C009EAE8E /* Project object */;
}
