// !$*UTF8*$!
{
	archiveVersion = 1;
	classes = {
	};
	objectVersion = 46;
	objects = {

/* Begin PBXBuildFile section */
		66ABBAD020156E8000D6B185 /* newMap.cpp in Sources */ = {isa = PBXBuildFile; fileRef = 66ABBACF20156E8000D6B185 /* newMap.cpp */; };
		66ABBAD820156EC400D6B185 /* testnewMap.cpp in Sources */ = {isa = PBXBuildFile; fileRef = 66ABBAD720156EC400D6B185 /* testnewMap.cpp */; };
/* End PBXBuildFile section */

/* Begin PBXCopyFilesBuildPhase section */
		66ABBACA20156E8000D6B185 /* CopyFiles */ = {
			isa = PBXCopyFilesBuildPhase;
			buildActionMask = 2147483647;
			dstPath = /usr/share/man/man1/;
			dstSubfolderSpec = 0;
			files = (
			);
			runOnlyForDeploymentPostprocessing = 1;
		};
/* End PBXCopyFilesBuildPhase section */

/* Begin PBXFileReference section */
		66ABBACC20156E8000D6B185 /* newMap */ = {isa = PBXFileReference; explicitFileType = "compiled.mach-o.executable"; includeInIndex = 0; path = newMap; sourceTree = BUILT_PRODUCTS_DIR; };
		66ABBACF20156E8000D6B185 /* newMap.cpp */ = {isa = PBXFileReference; lastKnownFileType = sourcecode.cpp.cpp; path = newMap.cpp; sourceTree = "<group>"; };
		66ABBAD620156E9000D6B185 /* newMap.h */ = {isa = PBXFileReference; lastKnownFileType = sourcecode.c.h; path = newMap.h; sourceTree = "<group>"; };
		66ABBAD720156EC400D6B185 /* testnewMap.cpp */ = {isa = PBXFileReference; fileEncoding = 4; lastKnownFileType = sourcecode.cpp.cpp; path = testnewMap.cpp; sourceTree = "<group>"; };
/* End PBXFileReference section */

/* Begin PBXFrameworksBuildPhase section */
		66ABBAC920156E8000D6B185 /* Frameworks */ = {
			isa = PBXFrameworksBuildPhase;
			buildActionMask = 2147483647;
			files = (
			);
			runOnlyForDeploymentPostprocessing = 0;
		};
/* End PBXFrameworksBuildPhase section */

/* Begin PBXGroup section */
		66ABBAC320156E8000D6B185 = {
			isa = PBXGroup;
			children = (
				66ABBACE20156E8000D6B185 /* newMap */,
				66ABBACD20156E8000D6B185 /* Products */,
			);
			sourceTree = "<group>";
		};
		66ABBACD20156E8000D6B185 /* Products */ = {
			isa = PBXGroup;
			children = (
				66ABBACC20156E8000D6B185 /* newMap */,
			);
			name = Products;
			sourceTree = "<group>";
		};
		66ABBACE20156E8000D6B185 /* newMap */ = {
			isa = PBXGroup;
			children = (
				66ABBACF20156E8000D6B185 /* newMap.cpp */,
				66ABBAD620156E9000D6B185 /* newMap.h */,
				66ABBAD720156EC400D6B185 /* testnewMap.cpp */,
			);
			path = newMap;
			sourceTree = "<group>";
		};
/* End PBXGroup section */

/* Begin PBXNativeTarget section */
		66ABBACB20156E8000D6B185 /* newMap */ = {
			isa = PBXNativeTarget;
			buildConfigurationList = 66ABBAD320156E8000D6B185 /* Build configuration list for PBXNativeTarget "newMap" */;
			buildPhases = (
				66ABBAC820156E8000D6B185 /* Sources */,
				66ABBAC920156E8000D6B185 /* Frameworks */,
				66ABBACA20156E8000D6B185 /* CopyFiles */,
			);
			buildRules = (
			);
			dependencies = (
			);
			name = newMap;
			productName = newMap;
			productReference = 66ABBACC20156E8000D6B185 /* newMap */;
			productType = "com.apple.product-type.tool";
		};
/* End PBXNativeTarget section */

/* Begin PBXProject section */
		66ABBAC420156E8000D6B185 /* Project object */ = {
			isa = PBXProject;
			attributes = {
				LastUpgradeCheck = 0800;
				ORGANIZATIONNAME = "Vanessa Lee";
				TargetAttributes = {
					66ABBACB20156E8000D6B185 = {
						CreatedOnToolsVersion = 8.0;
						ProvisioningStyle = Automatic;
					};
				};
			};
			buildConfigurationList = 66ABBAC720156E8000D6B185 /* Build configuration list for PBXProject "newMap" */;
			compatibilityVersion = "Xcode 3.2";
			developmentRegion = English;
			hasScannedForEncodings = 0;
			knownRegions = (
				en,
			);
			mainGroup = 66ABBAC320156E8000D6B185;
			productRefGroup = 66ABBACD20156E8000D6B185 /* Products */;
			projectDirPath = "";
			projectRoot = "";
			targets = (
				66ABBACB20156E8000D6B185 /* newMap */,
			);
		};
/* End PBXProject section */

/* Begin PBXSourcesBuildPhase section */
		66ABBAC820156E8000D6B185 /* Sources */ = {
			isa = PBXSourcesBuildPhase;
			buildActionMask = 2147483647;
			files = (
				66ABBAD020156E8000D6B185 /* newMap.cpp in Sources */,
				66ABBAD820156EC400D6B185 /* testnewMap.cpp in Sources */,
			);
			runOnlyForDeploymentPostprocessing = 0;
		};
/* End PBXSourcesBuildPhase section */

/* Begin XCBuildConfiguration section */
		66ABBAD120156E8000D6B185 /* Debug */ = {
			isa = XCBuildConfiguration;
			buildSettings = {
				ALWAYS_SEARCH_USER_PATHS = NO;
				CLANG_ANALYZER_NONNULL = YES;
				CLANG_CXX_LANGUAGE_STANDARD = "gnu++0x";
				CLANG_CXX_LIBRARY = "libc++";
				CLANG_ENABLE_MODULES = YES;
				CLANG_ENABLE_OBJC_ARC = YES;
				CLANG_WARN_BOOL_CONVERSION = YES;
				CLANG_WARN_CONSTANT_CONVERSION = YES;
				CLANG_WARN_DIRECT_OBJC_ISA_USAGE = YES_ERROR;
				CLANG_WARN_DOCUMENTATION_COMMENTS = YES;
				CLANG_WARN_EMPTY_BODY = YES;
				CLANG_WARN_ENUM_CONVERSION = YES;
				CLANG_WARN_INFINITE_RECURSION = YES;
				CLANG_WARN_INT_CONVERSION = YES;
				CLANG_WARN_OBJC_ROOT_CLASS = YES_ERROR;
				CLANG_WARN_SUSPICIOUS_MOVES = YES;
				CLANG_WARN_UNREACHABLE_CODE = YES;
				CLANG_WARN__DUPLICATE_METHOD_MATCH = YES;
				CODE_SIGN_IDENTITY = "-";
				COPY_PHASE_STRIP = NO;
				DEBUG_INFORMATION_FORMAT = dwarf;
				ENABLE_STRICT_OBJC_MSGSEND = YES;
				ENABLE_TESTABILITY = YES;
				GCC_C_LANGUAGE_STANDARD = gnu99;
				GCC_DYNAMIC_NO_PIC = NO;
				GCC_NO_COMMON_BLOCKS = YES;
				GCC_OPTIMIZATION_LEVEL = 0;
				GCC_PREPROCESSOR_DEFINITIONS = (
					"DEBUG=1",
					"$(inherited)",
				);
				GCC_WARN_64_TO_32_BIT_CONVERSION = YES;
				GCC_WARN_ABOUT_RETURN_TYPE = YES_ERROR;
				GCC_WARN_UNDECLARED_SELECTOR = YES;
				GCC_WARN_UNINITIALIZED_AUTOS = YES_AGGRESSIVE;
				GCC_WARN_UNUSED_FUNCTION = YES;
				GCC_WARN_UNUSED_VARIABLE = YES;
				MACOSX_DEPLOYMENT_TARGET = 10.13;
				MTL_ENABLE_DEBUG_INFO = YES;
				ONLY_ACTIVE_ARCH = YES;
				SDKROOT = macosx;
			};
			name = Debug;
		};
		66ABBAD220156E8000D6B185 /* Release */ = {
			isa = XCBuildConfiguration;
			buildSettings = {
				ALWAYS_SEARCH_USER_PATHS = NO;
				CLANG_ANALYZER_NONNULL = YES;
				CLANG_CXX_LANGUAGE_STANDARD = "gnu++0x";
				CLANG_CXX_LIBRARY = "libc++";
				CLANG_ENABLE_MODULES = YES;
				CLANG_ENABLE_OBJC_ARC = YES;
				CLANG_WARN_BOOL_CONVERSION = YES;
				CLANG_WARN_CONSTANT_CONVERSION = YES;
				CLANG_WARN_DIRECT_OBJC_ISA_USAGE = YES_ERROR;
				CLANG_WARN_DOCUMENTATION_COMMENTS = YES;
				CLANG_WARN_EMPTY_BODY = YES;
				CLANG_WARN_ENUM_CONVERSION = YES;
				CLANG_WARN_INFINITE_RECURSION = YES;
				CLANG_WARN_INT_CONVERSION = YES;
				CLANG_WARN_OBJC_ROOT_CLASS = YES_ERROR;
				CLANG_WARN_SUSPICIOUS_MOVES = YES;
				CLANG_WARN_UNREACHABLE_CODE = YES;
				CLANG_WARN__DUPLICATE_METHOD_MATCH = YES;
				CODE_SIGN_IDENTITY = "-";
				COPY_PHASE_STRIP = NO;
				DEBUG_INFORMATION_FORMAT = "dwarf-with-dsym";
				ENABLE_NS_ASSERTIONS = NO;
				ENABLE_STRICT_OBJC_MSGSEND = YES;
				GCC_C_LANGUAGE_STANDARD = gnu99;
				GCC_NO_COMMON_BLOCKS = YES;
				GCC_WARN_64_TO_32_BIT_CONVERSION = YES;
				GCC_WARN_ABOUT_RETURN_TYPE = YES_ERROR;
				GCC_WARN_UNDECLARED_SELECTOR = YES;
				GCC_WARN_UNINITIALIZED_AUTOS = YES_AGGRESSIVE;
				GCC_WARN_UNUSED_FUNCTION = YES;
				GCC_WARN_UNUSED_VARIABLE = YES;
				MACOSX_DEPLOYMENT_TARGET = 10.13;
				MTL_ENABLE_DEBUG_INFO = NO;
				SDKROOT = macosx;
			};
			name = Release;
		};
		66ABBAD420156E8000D6B185 /* Debug */ = {
			isa = XCBuildConfiguration;
			buildSettings = {
				PRODUCT_NAME = "$(TARGET_NAME)";
			};
			name = Debug;
		};
		66ABBAD520156E8000D6B185 /* Release */ = {
			isa = XCBuildConfiguration;
			buildSettings = {
				PRODUCT_NAME = "$(TARGET_NAME)";
			};
			name = Release;
		};
/* End XCBuildConfiguration section */

/* Begin XCConfigurationList section */
		66ABBAC720156E8000D6B185 /* Build configuration list for PBXProject "newMap" */ = {
			isa = XCConfigurationList;
			buildConfigurations = (
				66ABBAD120156E8000D6B185 /* Debug */,
				66ABBAD220156E8000D6B185 /* Release */,
			);
			defaultConfigurationIsVisible = 0;
			defaultConfigurationName = Release;
		};
		66ABBAD320156E8000D6B185 /* Build configuration list for PBXNativeTarget "newMap" */ = {
			isa = XCConfigurationList;
			buildConfigurations = (
				66ABBAD420156E8000D6B185 /* Debug */,
				66ABBAD520156E8000D6B185 /* Release */,
			);
			defaultConfigurationIsVisible = 0;
		};
/* End XCConfigurationList section */
	};
	rootObject = 66ABBAC420156E8000D6B185 /* Project object */;
}
